{
  "name": "forage-jpmc-swe-task-1",
  "lockfileVersion": 3,
  "requires": true,
  "packages": {
    "": {
      "dependencies": {
        "dateutil": "^0.1.0"
      }
    },
    "node_modules/dateutil": {
      "version": "0.1.0",
      "resolved": "https://registry.npmjs.org/dateutil/-/dateutil-0.1.0.tgz",
      "integrity": "sha512-bI8Lm50mageQER89AvYr+bAxXn4MCAkjSg3M58QY2evrIypUk2aCQcMZ86f31tjmt2ceMrPkrHkhItYqOJsObw==",
      "engines": {
        "node": "*"
      }
    }
  }
}
